
Microsoft Visual Studio Solution File, Format Version 12.00
# Visual Studio Version 17
VisualStudioVersion = 17.11.35312.102
MinimumVisualStudioVersion = 10.0.40219.1
Project("{FAE04EC0-301F-11D3-BF4B-00C04F79EFBC}") = "Notification.Service", "Notification.Service\Notification.Service.csproj", "{3FA52493-FD4E-4907-91D6-0D90E7CD54E4}"
EndProject
Global
	GlobalSection(SolutionConfigurationPlatforms) = preSolution
		Debug|Any CPU = Debug|Any CPU
		Release|Any CPU = Release|Any CPU
	EndGlobalSection
	GlobalSection(ProjectConfigurationPlatforms) = postSolution
		{3FA52493-FD4E-4907-91D6-0D90E7CD54E4}.Debug|Any CPU.ActiveCfg = Debug|Any CPU
		{3FA52493-FD4E-4907-91D6-0D90E7CD54E4}.Debug|Any CPU.Build.0 = Debug|Any CPU
		{3FA52493-FD4E-4907-91D6-0D90E7CD54E4}.Release|Any CPU.ActiveCfg = Release|Any CPU
		{3FA52493-FD4E-4907-91D6-0D90E7CD54E4}.Release|Any CPU.Build.0 = Release|Any CPU
	EndGlobalSection
	GlobalSection(SolutionProperties) = preSolution
		HideSolutionNode = FALSE
	EndGlobalSection
	GlobalSection(ExtensibilityGlobals) = postSolution
		SolutionGuid = {10D41808-5228-42EF-968E-31952174FE1A}
	EndGlobalSection
EndGlobal
